// !$*UTF8*$!
{
	archiveVersion = 1;
	classes = {
	};
	objectVersion = 55;
	objects = {

/* Begin PBXBuildFile section */
		3336D22E2822786E00F36C06 /*  TransactionList.swift in Sources */ = {isa = PBXBuildFile; fileRef = 3336D22D2822786E00F36C06 /*  TransactionList.swift */; };
		3336D23128228B1F00F36C06 /* Collections in Frameworks */ = {isa = PBXBuildFile; productRef = 3336D23028228B1F00F36C06 /* Collections */; };
		33839D30281BFAE100558081 /* ExpenseTrackerApp.swift in Sources */ = {isa = PBXBuildFile; fileRef = 33839D2F281BFAE100558081 /* ExpenseTrackerApp.swift */; };
		33839D32281BFAE100558081 /* ContentView.swift in Sources */ = {isa = PBXBuildFile; fileRef = 33839D31281BFAE100558081 /* ContentView.swift */; };
		33839D34281BFAE300558081 /* Assets.xcassets in Resources */ = {isa = PBXBuildFile; fileRef = 33839D33281BFAE300558081 /* Assets.xcassets */; };
		33839D37281BFAE300558081 /* Preview Assets.xcassets in Resources */ = {isa = PBXBuildFile; fileRef = 33839D36281BFAE300558081 /* Preview Assets.xcassets */; };
		33839D3E281BFE6D00558081 /* Extensions.swift in Sources */ = {isa = PBXBuildFile; fileRef = 33839D3D281BFE6D00558081 /* Extensions.swift */; };
		33839D40281C024500558081 /* TransactionModel.swift in Sources */ = {isa = PBXBuildFile; fileRef = 33839D3F281C024500558081 /* TransactionModel.swift */; };
		33839D42281C0B6600558081 /*  PreviewData.swift in Sources */ = {isa = PBXBuildFile; fileRef = 33839D41281C0B6600558081 /*  PreviewData.swift */; };
		33839D44281C0CB500558081 /* TransactionRow .swift in Sources */ = {isa = PBXBuildFile; fileRef = 33839D43281C0CB500558081 /* TransactionRow .swift */; };
		33839D47281C253500558081 /* SwiftUIFontIcon in Frameworks */ = {isa = PBXBuildFile; productRef = 33839D46281C253500558081 /* SwiftUIFontIcon */; };
		33839D49281C266700558081 /* TransactionListViewModel.swift in Sources */ = {isa = PBXBuildFile; fileRef = 33839D48281C266700558081 /* TransactionListViewModel.swift */; };
		33839D4B281C445400558081 /* RecentTransactionList.swift in Sources */ = {isa = PBXBuildFile; fileRef = 33839D4A281C445400558081 /* RecentTransactionList.swift */; };
/* End PBXBuildFile section */

/* Begin PBXFileReference section */
		3336D22D2822786E00F36C06 /*  TransactionList.swift */ = {isa = PBXFileReference; lastKnownFileType = sourcecode.swift; path = " TransactionList.swift"; sourceTree = "<group>"; };
		33839D2C281BFAE100558081 /* ExpenseTracker.app */ = {isa = PBXFileReference; explicitFileType = wrapper.application; includeInIndex = 0; path = ExpenseTracker.app; sourceTree = BUILT_PRODUCTS_DIR; };
		33839D2F281BFAE100558081 /* ExpenseTrackerApp.swift */ = {isa = PBXFileReference; lastKnownFileType = sourcecode.swift; path = ExpenseTrackerApp.swift; sourceTree = "<group>"; };
		33839D31281BFAE100558081 /* ContentView.swift */ = {isa = PBXFileReference; lastKnownFileType = sourcecode.swift; path = ContentView.swift; sourceTree = "<group>"; };
		33839D33281BFAE300558081 /* Assets.xcassets */ = {isa = PBXFileReference; lastKnownFileType = folder.assetcatalog; path = Assets.xcassets; sourceTree = "<group>"; };
		33839D36281BFAE300558081 /* Preview Assets.xcassets */ = {isa = PBXFileReference; lastKnownFileType = folder.assetcatalog; path = "Preview Assets.xcassets"; sourceTree = "<group>"; };
		33839D3D281BFE6D00558081 /* Extensions.swift */ = {isa = PBXFileReference; lastKnownFileType = sourcecode.swift; path = Extensions.swift; sourceTree = "<group>"; };
		33839D3F281C024500558081 /* TransactionModel.swift */ = {isa = PBXFileReference; lastKnownFileType = sourcecode.swift; path = TransactionModel.swift; sourceTree = "<group>"; };
		33839D41281C0B6600558081 /*  PreviewData.swift */ = {isa = PBXFileReference; lastKnownFileType = sourcecode.swift; path = " PreviewData.swift"; sourceTree = "<group>"; };
		33839D43281C0CB500558081 /* TransactionRow .swift */ = {isa = PBXFileReference; lastKnownFileType = sourcecode.swift; path = "TransactionRow .swift"; sourceTree = "<group>"; };
		33839D48281C266700558081 /* TransactionListViewModel.swift */ = {isa = PBXFileReference; lastKnownFileType = sourcecode.swift; path = TransactionListViewModel.swift; sourceTree = "<group>"; };
		33839D4A281C445400558081 /* RecentTransactionList.swift */ = {isa = PBXFileReference; lastKnownFileType = sourcecode.swift; path = RecentTransactionList.swift; sourceTree = "<group>"; };
/* End PBXFileReference section */

/* Begin PBXFrameworksBuildPhase section */
		33839D29281BFAE100558081 /* Frameworks */ = {
			isa = PBXFrameworksBuildPhase;
			buildActionMask = 2147483647;
			files = (
				3336D23128228B1F00F36C06 /* Collections in Frameworks */,
				33839D47281C253500558081 /* SwiftUIFontIcon in Frameworks */,
			);
			runOnlyForDeploymentPostprocessing = 0;
		};
/* End PBXFrameworksBuildPhase section */

/* Begin PBXGroup section */
		33839D23281BFAE000558081 = {
			isa = PBXGroup;
			children = (
				33839D2E281BFAE100558081 /* ExpenseTracker */,
				33839D2D281BFAE100558081 /* Products */,
			);
			sourceTree = "<group>";
		};
		33839D2D281BFAE100558081 /* Products */ = {
			isa = PBXGroup;
			children = (
				33839D2C281BFAE100558081 /* ExpenseTracker.app */,
			);
			name = Products;
			sourceTree = "<group>";
		};
		33839D2E281BFAE100558081 /* ExpenseTracker */ = {
			isa = PBXGroup;
			children = (
				33839D2F281BFAE100558081 /* ExpenseTrackerApp.swift */,
				33839D31281BFAE100558081 /* ContentView.swift */,
				33839D43281C0CB500558081 /* TransactionRow .swift */,
				33839D48281C266700558081 /* TransactionListViewModel.swift */,
				3336D22D2822786E00F36C06 /*  TransactionList.swift */,
				33839D4A281C445400558081 /* RecentTransactionList.swift */,
				33839D3F281C024500558081 /* TransactionModel.swift */,
				33839D3D281BFE6D00558081 /* Extensions.swift */,
				33839D33281BFAE300558081 /* Assets.xcassets */,
				33839D35281BFAE300558081 /* Preview Content */,
			);
			path = ExpenseTracker;
			sourceTree = "<group>";
		};
		33839D35281BFAE300558081 /* Preview Content */ = {
			isa = PBXGroup;
			children = (
				33839D36281BFAE300558081 /* Preview Assets.xcassets */,
				33839D41281C0B6600558081 /*  PreviewData.swift */,
			);
			path = "Preview Content";
			sourceTree = "<group>";
		};
/* End PBXGroup section */

/* Begin PBXNativeTarget section */
		33839D2B281BFAE100558081 /* ExpenseTracker */ = {
			isa = PBXNativeTarget;
			buildConfigurationList = 33839D3A281BFAE300558081 /* Build configuration list for PBXNativeTarget "ExpenseTracker" */;
			buildPhases = (
				33839D28281BFAE100558081 /* Sources */,
				33839D29281BFAE100558081 /* Frameworks */,
				33839D2A281BFAE100558081 /* Resources */,
			);
			buildRules = (
			);
			dependencies = (
			);
			name = ExpenseTracker;
			packageProductDependencies = (
				33839D46281C253500558081 /* SwiftUIFontIcon */,
				3336D23028228B1F00F36C06 /* Collections */,
			);
			productName = ExpenseTracker;
			productReference = 33839D2C281BFAE100558081 /* ExpenseTracker.app */;
			productType = "com.apple.product-type.application";
		};
/* End PBXNativeTarget section */

/* Begin PBXProject section */
		33839D24281BFAE000558081 /* Project object */ = {
			isa = PBXProject;
			attributes = {
				BuildIndependentTargetsInParallel = 1;
				LastSwiftUpdateCheck = 1330;
				LastUpgradeCheck = 1330;
				TargetAttributes = {
					33839D2B281BFAE100558081 = {
						CreatedOnToolsVersion = 13.3.1;
					};
				};
			};
			buildConfigurationList = 33839D27281BFAE000558081 /* Build configuration list for PBXProject "ExpenseTracker" */;
			compatibilityVersion = "Xcode 13.0";
			developmentRegion = en;
			hasScannedForEncodings = 0;
			knownRegions = (
				en,
				Base,
			);
			mainGroup = 33839D23281BFAE000558081;
			packageReferences = (
				33839D45281C253500558081 /* XCRemoteSwiftPackageReference "SwiftUIFontIcon" */,
				3336D22F28228B1F00F36C06 /* XCRemoteSwiftPackageReference "swift-collections" */,
			);
			productRefGroup = 33839D2D281BFAE100558081 /* Products */;
			projectDirPath = "";
			projectRoot = "";
			targets = (
				33839D2B281BFAE100558081 /* ExpenseTracker */,
			);
		};
/* End PBXProject section */

/* Begin PBXResourcesBuildPhase section */
		33839D2A281BFAE100558081 /* Resources */ = {
			isa = PBXResourcesBuildPhase;
			buildActionMask = 2147483647;
			files = (
				33839D37281BFAE300558081 /* Preview Assets.xcassets in Resources */,
				33839D34281BFAE300558081 /* Assets.xcassets in Resources */,
			);
			runOnlyForDeploymentPostprocessing = 0;
		};
/* End PBXResourcesBuildPhase section */

/* Begin PBXSourcesBuildPhase section */
		33839D28281BFAE100558081 /* Sources */ = {
			isa = PBXSourcesBuildPhase;
			buildActionMask = 2147483647;
			files = (
				33839D40281C024500558081 /* TransactionModel.swift in Sources */,
				33839D4B281C445400558081 /* RecentTransactionList.swift in Sources */,
				33839D32281BFAE100558081 /* ContentView.swift in Sources */,
				33839D44281C0CB500558081 /* TransactionRow .swift in Sources */,
				33839D42281C0B6600558081 /*  PreviewData.swift in Sources */,
				33839D3E281BFE6D00558081 /* Extensions.swift in Sources */,
				33839D49281C266700558081 /* TransactionListViewModel.swift in Sources */,
				33839D30281BFAE100558081 /* ExpenseTrackerApp.swift in Sources */,
				3336D22E2822786E00F36C06 /*  TransactionList.swift in Sources */,
			);
			runOnlyForDeploymentPostprocessing = 0;
		};
/* End PBXSourcesBuildPhase section */

/* Begin XCBuildConfiguration section */
		33839D38281BFAE300558081 /* Debug */ = {
			isa = XCBuildConfiguration;
			buildSettings = {
				ALWAYS_SEARCH_USER_PATHS = NO;
				CLANG_ANALYZER_NONNULL = YES;
				CLANG_ANALYZER_NUMBER_OBJECT_CONVERSION = YES_AGGRESSIVE;
				CLANG_CXX_LANGUAGE_STANDARD = "gnu++17";
				CLANG_ENABLE_MODULES = YES;
				CLANG_ENABLE_OBJC_ARC = YES;
				CLANG_ENABLE_OBJC_WEAK = YES;
				CLANG_WARN_BLOCK_CAPTURE_AUTORELEASING = YES;
				CLANG_WARN_BOOL_CONVERSION = YES;
				CLANG_WARN_COMMA = YES;
				CLANG_WARN_CONSTANT_CONVERSION = YES;
				CLANG_WARN_DEPRECATED_OBJC_IMPLEMENTATIONS = YES;
				CLANG_WARN_DIRECT_OBJC_ISA_USAGE = YES_ERROR;
				CLANG_WARN_DOCUMENTATION_COMMENTS = YES;
				CLANG_WARN_EMPTY_BODY = YES;
				CLANG_WARN_ENUM_CONVERSION = YES;
				CLANG_WARN_INFINITE_RECURSION = YES;
				CLANG_WARN_INT_CONVERSION = YES;
				CLANG_WARN_NON_LITERAL_NULL_CONVERSION = YES;
				CLANG_WARN_OBJC_IMPLICIT_RETAIN_SELF = YES;
				CLANG_WARN_OBJC_LITERAL_CONVERSION = YES;
				CLANG_WARN_OBJC_ROOT_CLASS = YES_ERROR;
				CLANG_WARN_QUOTED_INCLUDE_IN_FRAMEWORK_HEADER = YES;
				CLANG_WARN_RANGE_LOOP_ANALYSIS = YES;
				CLANG_WARN_STRICT_PROTOTYPES = YES;
				CLANG_WARN_SUSPICIOUS_MOVE = YES;
				CLANG_WARN_UNGUARDED_AVAILABILITY = YES_AGGRESSIVE;
				CLANG_WARN_UNREACHABLE_CODE = YES;
				CLANG_WARN__DUPLICATE_METHOD_MATCH = YES;
				COPY_PHASE_STRIP = NO;
				DEBUG_INFORMATION_FORMAT = dwarf;
				ENABLE_STRICT_OBJC_MSGSEND = YES;
				ENABLE_TESTABILITY = YES;
				GCC_C_LANGUAGE_STANDARD = gnu11;
				GCC_DYNAMIC_NO_PIC = NO;
				GCC_NO_COMMON_BLOCKS = YES;
				GCC_OPTIMIZATION_LEVEL = 0;
				GCC_PREPROCESSOR_DEFINITIONS = (
					"DEBUG=1",
					"$(inherited)",
				);
				GCC_WARN_64_TO_32_BIT_CONVERSION = YES;
				GCC_WARN_ABOUT_RETURN_TYPE = YES_ERROR;
				GCC_WARN_UNDECLARED_SELECTOR = YES;
				GCC_WARN_UNINITIALIZED_AUTOS = YES_AGGRESSIVE;
				GCC_WARN_UNUSED_FUNCTION = YES;
				GCC_WARN_UNUSED_VARIABLE = YES;
				IPHONEOS_DEPLOYMENT_TARGET = 15.4;
				MTL_ENABLE_DEBUG_INFO = INCLUDE_SOURCE;
				MTL_FAST_MATH = YES;
				ONLY_ACTIVE_ARCH = YES;
				SDKROOT = iphoneos;
				SWIFT_ACTIVE_COMPILATION_CONDITIONS = DEBUG;
				SWIFT_OPTIMIZATION_LEVEL = "-Onone";
			};
			name = Debug;
		};
		33839D39281BFAE300558081 /* Release */ = {
			isa = XCBuildConfiguration;
			buildSettings = {
				ALWAYS_SEARCH_USER_PATHS = NO;
				CLANG_ANALYZER_NONNULL = YES;
				CLANG_ANALYZER_NUMBER_OBJECT_CONVERSION = YES_AGGRESSIVE;
				CLANG_CXX_LANGUAGE_STANDARD = "gnu++17";
				CLANG_ENABLE_MODULES = YES;
				CLANG_ENABLE_OBJC_ARC = YES;
				CLANG_ENABLE_OBJC_WEAK = YES;
				CLANG_WARN_BLOCK_CAPTURE_AUTORELEASING = YES;
				CLANG_WARN_BOOL_CONVERSION = YES;
				CLANG_WARN_COMMA = YES;
				CLANG_WARN_CONSTANT_CONVERSION = YES;
				CLANG_WARN_DEPRECATED_OBJC_IMPLEMENTATIONS = YES;
				CLANG_WARN_DIRECT_OBJC_ISA_USAGE = YES_ERROR;
				CLANG_WARN_DOCUMENTATION_COMMENTS = YES;
				CLANG_WARN_EMPTY_BODY = YES;
				CLANG_WARN_ENUM_CONVERSION = YES;
				CLANG_WARN_INFINITE_RECURSION = YES;
				CLANG_WARN_INT_CONVERSION = YES;
				CLANG_WARN_NON_LITERAL_NULL_CONVERSION = YES;
				CLANG_WARN_OBJC_IMPLICIT_RETAIN_SELF = YES;
				CLANG_WARN_OBJC_LITERAL_CONVERSION = YES;
				CLANG_WARN_OBJC_ROOT_CLASS = YES_ERROR;
				CLANG_WARN_QUOTED_INCLUDE_IN_FRAMEWORK_HEADER = YES;
				CLANG_WARN_RANGE_LOOP_ANALYSIS = YES;
				CLANG_WARN_STRICT_PROTOTYPES = YES;
				CLANG_WARN_SUSPICIOUS_MOVE = YES;
				CLANG_WARN_UNGUARDED_AVAILABILITY = YES_AGGRESSIVE;
				CLANG_WARN_UNREACHABLE_CODE = YES;
				CLANG_WARN__DUPLICATE_METHOD_MATCH = YES;
				COPY_PHASE_STRIP = NO;
				DEBUG_INFORMATION_FORMAT = "dwarf-with-dsym";
				ENABLE_NS_ASSERTIONS = NO;
				ENABLE_STRICT_OBJC_MSGSEND = YES;
				GCC_C_LANGUAGE_STANDARD = gnu11;
				GCC_NO_COMMON_BLOCKS = YES;
				GCC_WARN_64_TO_32_BIT_CONVERSION = YES;
				GCC_WARN_ABOUT_RETURN_TYPE = YES_ERROR;
				GCC_WARN_UNDECLARED_SELECTOR = YES;
				GCC_WARN_UNINITIALIZED_AUTOS = YES_AGGRESSIVE;
				GCC_WARN_UNUSED_FUNCTION = YES;
				GCC_WARN_UNUSED_VARIABLE = YES;
				IPHONEOS_DEPLOYMENT_TARGET = 15.4;
				MTL_ENABLE_DEBUG_INFO = NO;
				MTL_FAST_MATH = YES;
				SDKROOT = iphoneos;
				SWIFT_COMPILATION_MODE = wholemodule;
				SWIFT_OPTIMIZATION_LEVEL = "-O";
				VALIDATE_PRODUCT = YES;
			};
			name = Release;
		};
		33839D3B281BFAE300558081 /* Debug */ = {
			isa = XCBuildConfiguration;
			buildSettings = {
				ASSETCATALOG_COMPILER_APPICON_NAME = AppIcon;
				ASSETCATALOG_COMPILER_GLOBAL_ACCENT_COLOR_NAME = AccentColor;
				CODE_SIGN_STYLE = Automatic;
				CURRENT_PROJECT_VERSION = 1;
				DEVELOPMENT_ASSET_PATHS = "\"ExpenseTracker/Preview Content\"";
				DEVELOPMENT_TEAM = 2TW7VKY4VF;
				ENABLE_PREVIEWS = YES;
				GENERATE_INFOPLIST_FILE = YES;
				INFOPLIST_KEY_UIApplicationSceneManifest_Generation = YES;
				INFOPLIST_KEY_UIApplicationSupportsIndirectInputEvents = YES;
				INFOPLIST_KEY_UILaunchScreen_Generation = YES;
				INFOPLIST_KEY_UISupportedInterfaceOrientations_iPad = "UIInterfaceOrientationPortrait UIInterfaceOrientationPortraitUpsideDown UIInterfaceOrientationLandscapeLeft UIInterfaceOrientationLandscapeRight";
				INFOPLIST_KEY_UISupportedInterfaceOrientations_iPhone = "UIInterfaceOrientationPortrait UIInterfaceOrientationLandscapeLeft UIInterfaceOrientationLandscapeRight";
				LD_RUNPATH_SEARCH_PATHS = (
					"$(inherited)",
					"@executable_path/Frameworks",
				);
				MARKETING_VERSION = 1.0;
				PRODUCT_BUNDLE_IDENTIFIER = com.dishant.ExpenseTracker;
				PRODUCT_NAME = "$(TARGET_NAME)";
				SWIFT_EMIT_LOC_STRINGS = YES;
				SWIFT_VERSION = 5.0;
				TARGETED_DEVICE_FAMILY = "1,2";
			};
			name = Debug;
		};
		33839D3C281BFAE300558081 /* Release */ = {
			isa = XCBuildConfiguration;
			buildSettings = {
				ASSETCATALOG_COMPILER_APPICON_NAME = AppIcon;
				ASSETCATALOG_COMPILER_GLOBAL_ACCENT_COLOR_NAME = AccentColor;
				CODE_SIGN_STYLE = Automatic;
				CURRENT_PROJECT_VERSION = 1;
				DEVELOPMENT_ASSET_PATHS = "\"ExpenseTracker/Preview Content\"";
				DEVELOPMENT_TEAM = 2TW7VKY4VF;
				ENABLE_PREVIEWS = YES;
				GENERATE_INFOPLIST_FILE = YES;
				INFOPLIST_KEY_UIApplicationSceneManifest_Generation = YES;
				INFOPLIST_KEY_UIApplicationSupportsIndirectInputEvents = YES;
				INFOPLIST_KEY_UILaunchScreen_Generation = YES;
				INFOPLIST_KEY_UISupportedInterfaceOrientations_iPad = "UIInterfaceOrientationPortrait UIInterfaceOrientationPortraitUpsideDown UIInterfaceOrientationLandscapeLeft UIInterfaceOrientationLandscapeRight";
				INFOPLIST_KEY_UISupportedInterfaceOrientations_iPhone = "UIInterfaceOrientationPortrait UIInterfaceOrientationLandscapeLeft UIInterfaceOrientationLandscapeRight";
				LD_RUNPATH_SEARCH_PATHS = (
					"$(inherited)",
					"@executable_path/Frameworks",
				);
				MARKETING_VERSION = 1.0;
				PRODUCT_BUNDLE_IDENTIFIER = com.dishant.ExpenseTracker;
				PRODUCT_NAME = "$(TARGET_NAME)";
				SWIFT_EMIT_LOC_STRINGS = YES;
				SWIFT_VERSION = 5.0;
				TARGETED_DEVICE_FAMILY = "1,2";
			};
			name = Release;
		};
/* End XCBuildConfiguration section */

/* Begin XCConfigurationList section */
		33839D27281BFAE000558081 /* Build configuration list for PBXProject "ExpenseTracker" */ = {
			isa = XCConfigurationList;
			buildConfigurations = (
				33839D38281BFAE300558081 /* Debug */,
				33839D39281BFAE300558081 /* Release */,
			);
			defaultConfigurationIsVisible = 0;
			defaultConfigurationName = Release;
		};
		33839D3A281BFAE300558081 /* Build configuration list for PBXNativeTarget "ExpenseTracker" */ = {
			isa = XCConfigurationList;
			buildConfigurations = (
				33839D3B281BFAE300558081 /* Debug */,
				33839D3C281BFAE300558081 /* Release */,
			);
			defaultConfigurationIsVisible = 0;
			defaultConfigurationName = Release;
		};
/* End XCConfigurationList section */

/* Begin XCRemoteSwiftPackageReference section */
		3336D22F28228B1F00F36C06 /* XCRemoteSwiftPackageReference "swift-collections" */ = {
			isa = XCRemoteSwiftPackageReference;
			repositoryURL = "https://github.com/apple/swift-collections.git";
			requirement = {
				kind = upToNextMajorVersion;
				minimumVersion = 1.0.2;
			};
		};
		33839D45281C253500558081 /* XCRemoteSwiftPackageReference "SwiftUIFontIcon" */ = {
			isa = XCRemoteSwiftPackageReference;
			repositoryURL = "https://github.com/huybuidac/SwiftUIFontIcon";
			requirement = {
				branch = master;
				kind = branch;
			};
		};
/* End XCRemoteSwiftPackageReference section */

/* Begin XCSwiftPackageProductDependency section */
		3336D23028228B1F00F36C06 /* Collections */ = {
			isa = XCSwiftPackageProductDependency;
			package = 3336D22F28228B1F00F36C06 /* XCRemoteSwiftPackageReference "swift-collections" */;
			productName = Collections;
		};
		33839D46281C253500558081 /* SwiftUIFontIcon */ = {
			isa = XCSwiftPackageProductDependency;
			package = 33839D45281C253500558081 /* XCRemoteSwiftPackageReference "SwiftUIFontIcon" */;
			productName = SwiftUIFontIcon;
		};
/* End XCSwiftPackageProductDependency section */
	};
	rootObject = 33839D24281BFAE000558081 /* Project object */;
}
